
Microsoft Visual Studio Solution File, Format Version 12.00
# Visual Studio 14
VisualStudioVersion = 14.0.24720.0
MinimumVisualStudioVersion = 10.0.40219.1
Project("{FAE04EC0-301F-11D3-BF4B-00C04F79EFBC}") = "TheDivisionUtility", "TheDivisionUtility\TheDivisionUtility.csproj", "{1F4285E9-1A1E-44A9-908D-12EB02A11ABC}"
EndProject
Project("{2150E333-8FDC-42A3-9474-1A3956D46DE8}") = "Controls", "Controls", "{9BB5F3A7-3647-441B-AFDD-7E5F6A9CD30E}"
EndProject
Project("{FAE04EC0-301F-11D3-BF4B-00C04F79EFBC}") = "TheDivisionUtility.Controls", "TheDivisionUtility.Controls\TheDivisionUtility.Controls.csproj", "{3F0993D0-3BED-4C80-8D6D-76AFA738EF81}"
EndProject
Global
	GlobalSection(SolutionConfigurationPlatforms) = preSolution
		Debug|Any CPU = Debug|Any CPU
		Release|Any CPU = Release|Any CPU
	EndGlobalSection
	GlobalSection(ProjectConfigurationPlatforms) = postSolution
		{1F4285E9-1A1E-44A9-908D-12EB02A11ABC}.Debug|Any CPU.ActiveCfg = Debug|Any CPU
		{1F4285E9-1A1E-44A9-908D-12EB02A11ABC}.Debug|Any CPU.Build.0 = Debug|Any CPU
		{1F4285E9-1A1E-44A9-908D-12EB02A11ABC}.Release|Any CPU.ActiveCfg = Release|Any CPU
		{1F4285E9-1A1E-44A9-908D-12EB02A11ABC}.Release|Any CPU.Build.0 = Release|Any CPU
		{3F0993D0-3BED-4C80-8D6D-76AFA738EF81}.Debug|Any CPU.ActiveCfg = Debug|Any CPU
		{3F0993D0-3BED-4C80-8D6D-76AFA738EF81}.Debug|Any CPU.Build.0 = Debug|Any CPU
		{3F0993D0-3BED-4C80-8D6D-76AFA738EF81}.Release|Any CPU.ActiveCfg = Release|Any CPU
		{3F0993D0-3BED-4C80-8D6D-76AFA738EF81}.Release|Any CPU.Build.0 = Release|Any CPU
	EndGlobalSection
	GlobalSection(SolutionProperties) = preSolution
		HideSolutionNode = FALSE
	EndGlobalSection
	GlobalSection(NestedProjects) = preSolution
		{3F0993D0-3BED-4C80-8D6D-76AFA738EF81} = {9BB5F3A7-3647-441B-AFDD-7E5F6A9CD30E}
	EndGlobalSection
EndGlobal
